{
  "version": 4,
  "terraform_version": "1.14.2",
  "serial": 13,
  "lineage": "d750f55c-98e5-0e41-1299-0ef082f54232",
  "outputs": {},
  "resources": [
    {
      "module": "module.auth_servers[\"My_Web_App\"]",
      "mode": "managed",
      "type": "okta_auth_server",
      "name": "this",
      "provider": "provider[\"registry.terraform.io/okta/okta\"]",
      "instances": [
        {
          "schema_version": 0,
          "attributes": {
            "audiences": [
              "api://0oaz1lcqqvSeFRWbb697"
            ],
            "credentials_last_rotated": "2026-01-09 19:23:29 +0000 UTC",
            "credentials_next_rotation": "2026-04-09 19:23:29 +0000 UTC",
            "credentials_rotation_mode": "AUTO",
            "description": "Authorization server for My_Web_App",
            "id": "ausz1ligh5FXeLAnh697",
            "issuer": "https://demo-production-automation-22519.okta.com/oauth2/ausz1ligh5FXeLAnh697",
            "issuer_mode": "ORG_URL",
            "kid": "Fp6W0rSei4VJnNP_c4cTRJatNhJhBq9owxFMjXNucx4",
            "name": "0oaz1lcqqvSeFRWbb697",
            "status": "ACTIVE"
          },
          "sensitive_attributes": [],
          "identity_schema_version": 0,
          "private": "bnVsbA==",
          "dependencies": [
            "module.oidc_apps.okta_app_oauth.this"
          ]
        }
      ]
    },
    {
      "module": "module.auth_servers[\"My_Web_App\"]",
      "mode": "managed",
      "type": "okta_auth_server_policy",
      "name": "this",
      "provider": "provider[\"registry.terraform.io/okta/okta\"]",
      "instances": [
        {
          "schema_version": 0,
          "attributes": {
            "auth_server_id": "ausz1ligh5FXeLAnh697",
            "client_whitelist": [
              "0oaz1lcqqvSeFRWbb697"
            ],
            "description": "Access policy for My_Web_App",
            "id": "00pz1l94lg0CQZOSr697",
            "name": "My_Web_App-policy",
            "priority": 1,
            "status": "ACTIVE"
          },
          "sensitive_attributes": [],
          "identity_schema_version": 0,
          "private": "bnVsbA==",
          "dependencies": [
            "module.auth_servers.okta_auth_server.this",
            "module.oidc_apps.okta_app_oauth.this"
          ]
        }
      ]
    },
    {
      "module": "module.auth_servers[\"My_Web_App\"]",
      "mode": "managed",
      "type": "okta_auth_server_policy_rule",
      "name": "this",
      "provider": "provider[\"registry.terraform.io/okta/okta\"]",
      "instances": [
        {
          "schema_version": 0,
          "attributes": {
            "access_token_lifetime_minutes": 60,
            "auth_server_id": "ausz1ligh5FXeLAnh697",
            "grant_type_whitelist": [
              "client_credentials"
            ],
            "group_blacklist": null,
            "group_whitelist": null,
            "id": "0prz1lf3hyaPWvEAX697",
            "inline_hook_id": null,
            "name": "default-rule",
            "policy_id": "00pz1l94lg0CQZOSr697",
            "priority": 1,
            "refresh_token_lifetime_minutes": 0,
            "refresh_token_window_minutes": 10080,
            "scope_whitelist": [
              "*"
            ],
            "status": "ACTIVE",
            "system": false,
            "type": "RESOURCE_ACCESS",
            "user_blacklist": null,
            "user_whitelist": null
          },
          "sensitive_attributes": [],
          "identity_schema_version": 0,
          "private": "bnVsbA==",
          "dependencies": [
            "module.auth_servers.okta_auth_server.this",
            "module.auth_servers.okta_auth_server_policy.this",
            "module.oidc_apps.okta_app_oauth.this"
          ]
        }
      ]
    },
    {
      "module": "module.auth_servers[\"Test_App1\"]",
      "mode": "managed",
      "type": "okta_auth_server",
      "name": "this",
      "provider": "provider[\"registry.terraform.io/okta/okta\"]",
      "instances": [
        {
          "schema_version": 0,
          "attributes": {
            "audiences": [
              "api://0oaz1l5pxoK2n6x3t697"
            ],
            "credentials_last_rotated": "2026-01-09 19:23:29 +0000 UTC",
            "credentials_next_rotation": "2026-04-09 19:23:29 +0000 UTC",
            "credentials_rotation_mode": "AUTO",
            "description": "Authorization server for Test_App1",
            "id": "ausz1l6ynvhCOxNQX697",
            "issuer": "https://demo-production-automation-22519.okta.com/oauth2/ausz1l6ynvhCOxNQX697",
            "issuer_mode": "ORG_URL",
            "kid": "-BZ43Y7-CWnAte8oxp_rBIXXnb76KtWEPkTsjJoO5cM",
            "name": "0oaz1l5pxoK2n6x3t697",
            "status": "ACTIVE"
          },
          "sensitive_attributes": [],
          "identity_schema_version": 0,
          "private": "bnVsbA==",
          "dependencies": [
            "module.oidc_apps.okta_app_oauth.this"
          ]
        }
      ]
    },
    {
      "module": "module.auth_servers[\"Test_App1\"]",
      "mode": "managed",
      "type": "okta_auth_server_policy",
      "name": "this",
      "provider": "provider[\"registry.terraform.io/okta/okta\"]",
      "instances": [
        {
          "schema_version": 0,
          "attributes": {
            "auth_server_id": "ausz1l6ynvhCOxNQX697",
            "client_whitelist": [
              "0oaz1l5pxoK2n6x3t697"
            ],
            "description": "Access policy for Test_App1",
            "id": "00pz1l4fp4BBKZykU697",
            "name": "Test_App1-policy",
            "priority": 1,
            "status": "ACTIVE"
          },
          "sensitive_attributes": [],
          "identity_schema_version": 0,
          "private": "bnVsbA==",
          "dependencies": [
            "module.auth_servers.okta_auth_server.this",
            "module.oidc_apps.okta_app_oauth.this"
          ]
        }
      ]
    },
    {
      "module": "module.auth_servers[\"Test_App1\"]",
      "mode": "managed",
      "type": "okta_auth_server_policy_rule",
      "name": "this",
      "provider": "provider[\"registry.terraform.io/okta/okta\"]",
      "instances": [
        {
          "schema_version": 0,
          "attributes": {
            "access_token_lifetime_minutes": 60,
            "auth_server_id": "ausz1l6ynvhCOxNQX697",
            "grant_type_whitelist": [
              "client_credentials"
            ],
            "group_blacklist": null,
            "group_whitelist": null,
            "id": "0prz1l82o392SLzz5697",
            "inline_hook_id": null,
            "name": "default-rule",
            "policy_id": "00pz1l4fp4BBKZykU697",
            "priority": 1,
            "refresh_token_lifetime_minutes": 0,
            "refresh_token_window_minutes": 10080,
            "scope_whitelist": [
              "*"
            ],
            "status": "ACTIVE",
            "system": false,
            "type": "RESOURCE_ACCESS",
            "user_blacklist": null,
            "user_whitelist": null
          },
          "sensitive_attributes": [],
          "identity_schema_version": 0,
          "private": "bnVsbA==",
          "dependencies": [
            "module.auth_servers.okta_auth_server.this",
            "module.auth_servers.okta_auth_server_policy.this",
            "module.oidc_apps.okta_app_oauth.this"
          ]
        }
      ]
    },
    {
      "module": "module.auth_servers[\"Test_App2\"]",
      "mode": "managed",
      "type": "okta_auth_server",
      "name": "this",
      "provider": "provider[\"registry.terraform.io/okta/okta\"]",
      "instances": [
        {
          "schema_version": 0,
          "attributes": {
            "audiences": [
              "api://0oaz1lbggsY2xAMS0697"
            ],
            "credentials_last_rotated": "2026-01-09 19:23:29 +0000 UTC",
            "credentials_next_rotation": "2026-04-09 19:23:29 +0000 UTC",
            "credentials_rotation_mode": "AUTO",
            "description": "Authorization server for Test_App2",
            "id": "ausz1lfps17HWmIsY697",
            "issuer": "https://demo-production-automation-22519.okta.com/oauth2/ausz1lfps17HWmIsY697",
            "issuer_mode": "ORG_URL",
            "kid": "XUHz64iekQUUboAeXoHKBM38_JyR76SRM9G-IxZj1ug",
            "name": "0oaz1lbggsY2xAMS0697",
            "status": "ACTIVE"
          },
          "sensitive_attributes": [],
          "identity_schema_version": 0,
          "private": "bnVsbA==",
          "dependencies": [
            "module.oidc_apps.okta_app_oauth.this"
          ]
        }
      ]
    },
    {
      "module": "module.auth_servers[\"Test_App2\"]",
      "mode": "managed",
      "type": "okta_auth_server_policy",
      "name": "this",
      "provider": "provider[\"registry.terraform.io/okta/okta\"]",
      "instances": [
        {
          "schema_version": 0,
          "attributes": {
            "auth_server_id": "ausz1lfps17HWmIsY697",
            "client_whitelist": [
              "0oaz1lbggsY2xAMS0697"
            ],
            "description": "Access policy for Test_App2",
            "id": "00pz1l8pxfPPxq6oq697",
            "name": "Test_App2-policy",
            "priority": 1,
            "status": "ACTIVE"
          },
          "sensitive_attributes": [],
          "identity_schema_version": 0,
          "private": "bnVsbA==",
          "dependencies": [
            "module.auth_servers.okta_auth_server.this",
            "module.oidc_apps.okta_app_oauth.this"
          ]
        }
      ]
    },
    {
      "module": "module.auth_servers[\"Test_App2\"]",
      "mode": "managed",
      "type": "okta_auth_server_policy_rule",
      "name": "this",
      "provider": "provider[\"registry.terraform.io/okta/okta\"]",
      "instances": [
        {
          "schema_version": 0,
          "attributes": {
            "access_token_lifetime_minutes": 60,
            "auth_server_id": "ausz1lfps17HWmIsY697",
            "grant_type_whitelist": [
              "client_credentials"
            ],
            "group_blacklist": null,
            "group_whitelist": null,
            "id": "0prz1lg3trBrYmoyR697",
            "inline_hook_id": null,
            "name": "default-rule",
            "policy_id": "00pz1l8pxfPPxq6oq697",
            "priority": 1,
            "refresh_token_lifetime_minutes": 0,
            "refresh_token_window_minutes": 10080,
            "scope_whitelist": [
              "*"
            ],
            "status": "ACTIVE",
            "system": false,
            "type": "RESOURCE_ACCESS",
            "user_blacklist": null,
            "user_whitelist": null
          },
          "sensitive_attributes": [],
          "identity_schema_version": 0,
          "private": "bnVsbA==",
          "dependencies": [
            "module.auth_servers.okta_auth_server.this",
            "module.auth_servers.okta_auth_server_policy.this",
            "module.oidc_apps.okta_app_oauth.this"
          ]
        }
      ]
    },
    {
      "module": "module.oidc_apps[\"My_Web_App\"]",
      "mode": "managed",
      "type": "okta_app_oauth",
      "name": "this",
      "provider": "provider[\"registry.terraform.io/okta/okta\"]",
      "instances": [
        {
          "schema_version": 0,
          "attributes": {
            "accessibility_error_redirect_url": "",
            "accessibility_login_redirect_url": "",
            "accessibility_self_service": false,
            "admin_note": "",
            "app_links_json": null,
            "app_settings_json": "{\"app\":{},\"manualProvisioning\":false}",
            "authentication_policy": null,
            "auto_key_rotation": true,
            "auto_submit_toolbar": false,
            "client_basic_secret": null,
            "client_id": "0oaz1lcqqvSeFRWbb697",
            "client_secret": "BWTtU1tqjFJUCW8PgIxSD8CUj27aBKn6VT3KGhbPKycicu1sddcfpJZ_1IzLJdDP",
            "client_uri": "",
            "consent_method": "REQUIRED",
            "enduser_note": "",
            "frontchannel_logout_session_required": false,
            "frontchannel_logout_uri": "",
            "grant_types": [
              "authorization_code"
            ],
            "groups_claim": [],
            "hide_ios": true,
            "hide_web": true,
            "id": "0oaz1lcqqvSeFRWbb697",
            "implicit_assignment": false,
            "issuer_mode": "DYNAMIC",
            "jwks": [],
            "jwks_uri": "",
            "label": "My Web App",
            "login_mode": "DISABLED",
            "login_scopes": null,
            "login_uri": "",
            "logo": null,
            "logo_uri": "",
            "logo_url": "",
            "name": "oidc_client",
            "omit_secret": false,
            "participate_slo": false,
            "pkce_required": false,
            "policy_uri": "",
            "post_logout_redirect_uris": [
              "http://localhost:8080"
            ],
            "profile": "",
            "redirect_uris": [
              "http://localhost:8080/authorization-code/callback"
            ],
            "refresh_token_leeway": 0,
            "refresh_token_rotation": "STATIC",
            "response_types": [
              "code"
            ],
            "sign_on_mode": "OPENID_CONNECT",
            "status": "ACTIVE",
            "timeouts": null,
            "token_endpoint_auth_method": "client_secret_basic",
            "tos_uri": "",
            "type": "web",
            "user_name_template": "${source.login}",
            "user_name_template_push_status": "",
            "user_name_template_suffix": "",
            "user_name_template_type": "BUILT_IN",
            "wildcard_redirect": "DISABLED"
          },
          "sensitive_attributes": [
            [
              {
                "type": "get_attr",
                "value": "client_basic_secret"
              }
            ],
            [
              {
                "type": "get_attr",
                "value": "client_secret"
              }
            ]
          ],
          "identity_schema_version": 0,
          "private": "eyJlMmJmYjczMC1lY2FhLTExZTYtOGY4OC0zNDM2M2JjN2M0YzAiOnsiY3JlYXRlIjozNjAwMDAwMDAwMDAwLCJyZWFkIjozNjAwMDAwMDAwMDAwLCJ1cGRhdGUiOjM2MDAwMDAwMDAwMDB9fQ=="
        }
      ]
    },
    {
      "module": "module.oidc_apps[\"Test_App1\"]",
      "mode": "managed",
      "type": "okta_app_oauth",
      "name": "this",
      "provider": "provider[\"registry.terraform.io/okta/okta\"]",
      "instances": [
        {
          "schema_version": 0,
          "attributes": {
            "accessibility_error_redirect_url": "",
            "accessibility_login_redirect_url": "",
            "accessibility_self_service": false,
            "admin_note": "",
            "app_links_json": null,
            "app_settings_json": "{\"app\":{},\"manualProvisioning\":false}",
            "authentication_policy": null,
            "auto_key_rotation": true,
            "auto_submit_toolbar": false,
            "client_basic_secret": null,
            "client_id": "0oaz1l5pxoK2n6x3t697",
            "client_secret": "s7r3MdaqQ8BHMPkMshpaRyQxf_NMasPSnN0ANLlsvfvjrluPs4bnA-kvqrFGKocL",
            "client_uri": "",
            "consent_method": "TRUSTED",
            "enduser_note": "",
            "frontchannel_logout_session_required": false,
            "frontchannel_logout_uri": "",
            "grant_types": [
              "authorization_code",
              "refresh_token"
            ],
            "groups_claim": [],
            "hide_ios": true,
            "hide_web": true,
            "id": "0oaz1l5pxoK2n6x3t697",
            "implicit_assignment": false,
            "issuer_mode": "ORG_URL",
            "jwks": [],
            "jwks_uri": "",
            "label": "Test-App1",
            "login_mode": "DISABLED",
            "login_scopes": null,
            "login_uri": "",
            "logo": null,
            "logo_uri": "",
            "logo_url": "",
            "name": "oidc_client",
            "omit_secret": false,
            "participate_slo": false,
            "pkce_required": false,
            "policy_uri": "",
            "post_logout_redirect_uris": [
              "https://example.com"
            ],
            "profile": "",
            "redirect_uris": [
              "https://test.example.com/callback"
            ],
            "refresh_token_leeway": 0,
            "refresh_token_rotation": "ROTATE",
            "response_types": [
              "code"
            ],
            "sign_on_mode": "OPENID_CONNECT",
            "status": "ACTIVE",
            "timeouts": null,
            "token_endpoint_auth_method": "client_secret_basic",
            "tos_uri": "",
            "type": "web",
            "user_name_template": "${source.login}",
            "user_name_template_push_status": "",
            "user_name_template_suffix": "",
            "user_name_template_type": "BUILT_IN",
            "wildcard_redirect": "DISABLED"
          },
          "sensitive_attributes": [
            [
              {
                "type": "get_attr",
                "value": "client_basic_secret"
              }
            ],
            [
              {
                "type": "get_attr",
                "value": "client_secret"
              }
            ]
          ],
          "identity_schema_version": 0,
          "private": "eyJlMmJmYjczMC1lY2FhLTExZTYtOGY4OC0zNDM2M2JjN2M0YzAiOnsiY3JlYXRlIjozNjAwMDAwMDAwMDAwLCJyZWFkIjozNjAwMDAwMDAwMDAwLCJ1cGRhdGUiOjM2MDAwMDAwMDAwMDB9fQ=="
        }
      ]
    },
    {
      "module": "module.oidc_apps[\"Test_App2\"]",
      "mode": "managed",
      "type": "okta_app_oauth",
      "name": "this",
      "provider": "provider[\"registry.terraform.io/okta/okta\"]",
      "instances": [
        {
          "schema_version": 0,
          "attributes": {
            "accessibility_error_redirect_url": "",
            "accessibility_login_redirect_url": "",
            "accessibility_self_service": false,
            "admin_note": "",
            "app_links_json": null,
            "app_settings_json": "{\"app\":{},\"manualProvisioning\":false}",
            "authentication_policy": null,
            "auto_key_rotation": true,
            "auto_submit_toolbar": false,
            "client_basic_secret": null,
            "client_id": "0oaz1lbggsY2xAMS0697",
            "client_secret": "_FPxHjArituApFUL0uATSiazd0OaVgAZJPf98BPHsYYPkE-EjDmKeUQc9XeO4wib",
            "client_uri": "",
            "consent_method": "REQUIRED",
            "enduser_note": "",
            "frontchannel_logout_session_required": false,
            "frontchannel_logout_uri": "",
            "grant_types": [
              "authorization_code"
            ],
            "groups_claim": [],
            "hide_ios": true,
            "hide_web": true,
            "id": "0oaz1lbggsY2xAMS0697",
            "implicit_assignment": false,
            "issuer_mode": "DYNAMIC",
            "jwks": [],
            "jwks_uri": "",
            "label": "Test-App2",
            "login_mode": "DISABLED",
            "login_scopes": null,
            "login_uri": "",
            "logo": null,
            "logo_uri": "",
            "logo_url": "",
            "name": "oidc_client",
            "omit_secret": false,
            "participate_slo": false,
            "pkce_required": false,
            "policy_uri": "",
            "post_logout_redirect_uris": [
              "https://reporting.com"
            ],
            "profile": "",
            "redirect_uris": [
              "https://test.reporting.com/callback"
            ],
            "refresh_token_leeway": 0,
            "refresh_token_rotation": "STATIC",
            "response_types": [
              "code"
            ],
            "sign_on_mode": "OPENID_CONNECT",
            "status": "ACTIVE",
            "timeouts": null,
            "token_endpoint_auth_method": "client_secret_basic",
            "tos_uri": "",
            "type": "web",
            "user_name_template": "${source.login}",
            "user_name_template_push_status": "",
            "user_name_template_suffix": "",
            "user_name_template_type": "BUILT_IN",
            "wildcard_redirect": "DISABLED"
          },
          "sensitive_attributes": [
            [
              {
                "type": "get_attr",
                "value": "client_basic_secret"
              }
            ],
            [
              {
                "type": "get_attr",
                "value": "client_secret"
              }
            ]
          ],
          "identity_schema_version": 0,
          "private": "eyJlMmJmYjczMC1lY2FhLTExZTYtOGY4OC0zNDM2M2JjN2M0YzAiOnsiY3JlYXRlIjozNjAwMDAwMDAwMDAwLCJyZWFkIjozNjAwMDAwMDAwMDAwLCJ1cGRhdGUiOjM2MDAwMDAwMDAwMDB9fQ=="
        }
      ]
    },
    {
      "module": "module.saml_apps[\"SAML_APP1\"]",
      "mode": "managed",
      "type": "okta_app_saml",
      "name": "this",
      "provider": "provider[\"registry.terraform.io/okta/okta\"]",
      "instances": [
        {
          "schema_version": 0,
          "attributes": {
            "accessibility_error_redirect_url": "",
            "accessibility_login_redirect_url": "",
            "accessibility_self_service": false,
            "acs_endpoints": null,
            "acs_endpoints_indices": [],
            "admin_note": "",
            "app_links_json": "{\"demo-production-automation-22519_samlapp1_1_link\":true}",
            "app_settings_json": "{}",
            "assertion_signed": true,
            "attribute_statements": [
              {
                "filter_type": "",
                "filter_value": "",
                "name": "email",
                "namespace": "urn:oasis:names:tc:SAML:2.0:attrname-format:unspecified",
                "type": "EXPRESSION",
                "values": [
                  "user.email"
                ]
              },
              {
                "filter_type": "STARTS_WITH",
                "filter_value": "test",
                "name": "groupName",
                "namespace": "urn:oasis:names:tc:SAML:2.0:attrname-format:unspecified",
                "type": "GROUP",
                "values": null
              }
            ],
            "audience": "https://auth.gmail.com/2L6HIlXaS2xnQKsiIF2zBs4Af",
            "authentication_policy": "rstyvk6r89Pyt1Ho3697",
            "authn_context_class_ref": "urn:oasis:names:tc:SAML:2.0:ac:classes:PasswordProtectedTransport",
            "auto_submit_toolbar": false,
            "certificate": "MIID0DCCArigAwIBAgIGAZukNq/kMA0GCSqGSIb3DQEBCwUAMIGoMQswCQYDVQQGEwJVUzETMBEG\nA1UECAwKQ2FsaWZvcm5pYTEWMBQGA1UEBwwNU2FuIEZyYW5jaXNjbzENMAsGA1UECgwET2t0YTEU\nMBIGA1UECwwLU1NPUHJvdmlkZXIxKTAnBgNVBAMMIGRlbW8tcHJvZHVjdGlvbi1hdXRvbWF0aW9u\nLTIyNTE5MRwwGgYJKoZIhvcNAQkBFg1pbmZvQG9rdGEuY29tMB4XDTI2MDEwOTE5MjIyNloXDTM2\nMDEwOTE5MjMyNVowgagxCzAJBgNVBAYTAlVTMRMwEQYDVQQIDApDYWxpZm9ybmlhMRYwFAYDVQQH\nDA1TYW4gRnJhbmNpc2NvMQ0wCwYDVQQKDARPa3RhMRQwEgYDVQQLDAtTU09Qcm92aWRlcjEpMCcG\nA1UEAwwgZGVtby1wcm9kdWN0aW9uLWF1dG9tYXRpb24tMjI1MTkxHDAaBgkqhkiG9w0BCQEWDWlu\nZm9Ab2t0YS5jb20wggEiMA0GCSqGSIb3DQEBAQUAA4IBDwAwggEKAoIBAQCuUkvxxnsPqCd3Dm9x\ndHVcLSpexWcSogw3rrw/kqTMTCNd4WPw5YQg+t9WzZLqr/MS8xwCgJ7XlKvgZg3b79CX9LPDV/LM\n9baZIaDNGSXcFJfcu01LJVziclau8w2bvKmgyRNt3xu4WT1ojoxRuXJglWD6v4aGiMZLEsc9/P8J\ntY+CMkwT/lLOo3rGBIBGN3eZh0eq8o4fJs3lc7C/NSdJyqreJ/H/f3Igno1UzZCm8u6BEmzQ+ROV\n7cITrq+qADjV7w37DhJi/jrj6fNb3H6G455FsIJ0cKLctgOg8q5x/XsRpJVxLlacbkLos65u12wZ\nfY0Duf1XE6C3HWW6/jPJAgMBAAEwDQYJKoZIhvcNAQELBQADggEBAJXGfwsqrNX2JyXMvjVi2RA7\ngE0rFvJCuNd9MYbf2grLNEryQfcjGWvwcm+xfv4SDDm2xC172e2AuknOXQcpF7avqHisT6hd77UY\nb3zk7ETjcS18vvJeL7k4twVwUCELiHsCElDMYTXRfb6+3UDPIubJPSrzWD00jUEnGcirnHKlbiI9\nQknOYqHqXNdlva077GA6l8QLo4WJ90yIeUef7YDv9zxJGkJfV/6nj0XlNRb+xUOIJOFAwF5fTvTx\nwgd0hTyQ0ogOUY+pFZmgodJ/WD19OKDQybtNtzoAjAj3GGo3SZlrOu3hIcmGJ7TC7yLcrgQfVA5C\nYgIqGO3pYF6LSSk=",
            "default_relay_state": "",
            "destination": "https://auth.workos.com/sso/saml/acs/2L6HIlXaS2xnQKsiIF2zBs4Af",
            "digest_algorithm": "SHA256",
            "embed_url": "https://demo-production-automation-22519.okta.com/home/demo-production-automation-22519_samlapp1_1/0oaz1lcmzrNxjHv6Y697/alnz1lvyodVvutuIi697",
            "enduser_note": "",
            "entity_key": "exkz1lcmzqM2dEv5o697",
            "entity_url": "http://www.okta.com/exkz1lcmzqM2dEv5o697",
            "features": [],
            "hide_ios": false,
            "hide_web": false,
            "honor_force_authn": true,
            "http_post_binding": "https://demo-production-automation-22519.okta.com/app/demo-production-automation-22519_samlapp1_1/exkz1lcmzqM2dEv5o697/sso/saml",
            "http_redirect_binding": "https://demo-production-automation-22519.okta.com/app/demo-production-automation-22519_samlapp1_1/exkz1lcmzqM2dEv5o697/sso/saml",
            "id": "0oaz1lcmzrNxjHv6Y697",
            "idp_issuer": "http://www.okta.com/${org.externalKey}",
            "implicit_assignment": false,
            "inline_hook_id": null,
            "key_id": "4iFjs-tCZsglKQu2DThcJt96B3JCCUhWGvgaBM34rh0",
            "key_name": null,
            "key_years_valid": null,
            "keys": [
              {
                "created": "2026-01-09 19:23:26 +0000 UTC",
                "e": "AQAB",
                "expires_at": "2036-01-09 19:23:25 +0000 UTC",
                "kid": "4iFjs-tCZsglKQu2DThcJt96B3JCCUhWGvgaBM34rh0",
                "kty": "RSA",
                "last_updated": "2026-01-09 19:23:26 +0000 UTC",
                "n": "rlJL8cZ7D6gndw5vcXR1XC0qXsVnEqIMN668P5KkzEwjXeFj8OWEIPrfVs2S6q_zEvMcAoCe15Sr4GYN2-_Ql_Szw1fyzPW2mSGgzRkl3BSX3LtNSyVc4nJWrvMNm7ypoMkTbd8buFk9aI6MUblyYJVg-r-GhojGSxLHPfz_CbWPgjJME_5SzqN6xgSARjd3mYdHqvKOHybN5XOwvzUnScqq3ifx_39yIJ6NVM2QpvLugRJs0PkTle3CE66vqgA41e8N-w4SYv464-nzW9x-huOeRbCCdHCi3LYDoPKucf17EaSVcS5WnG5C6LOubtdsGX2NA7n9VxOgtx1luv4zyQ",
                "use": "sig",
                "x5c": [
                  "MIID0DCCArigAwIBAgIGAZukNq/kMA0GCSqGSIb3DQEBCwUAMIGoMQswCQYDVQQGEwJVUzETMBEGA1UECAwKQ2FsaWZvcm5pYTEWMBQGA1UEBwwNU2FuIEZyYW5jaXNjbzENMAsGA1UECgwET2t0YTEUMBIGA1UECwwLU1NPUHJvdmlkZXIxKTAnBgNVBAMMIGRlbW8tcHJvZHVjdGlvbi1hdXRvbWF0aW9uLTIyNTE5MRwwGgYJKoZIhvcNAQkBFg1pbmZvQG9rdGEuY29tMB4XDTI2MDEwOTE5MjIyNloXDTM2MDEwOTE5MjMyNVowgagxCzAJBgNVBAYTAlVTMRMwEQYDVQQIDApDYWxpZm9ybmlhMRYwFAYDVQQHDA1TYW4gRnJhbmNpc2NvMQ0wCwYDVQQKDARPa3RhMRQwEgYDVQQLDAtTU09Qcm92aWRlcjEpMCcGA1UEAwwgZGVtby1wcm9kdWN0aW9uLWF1dG9tYXRpb24tMjI1MTkxHDAaBgkqhkiG9w0BCQEWDWluZm9Ab2t0YS5jb20wggEiMA0GCSqGSIb3DQEBAQUAA4IBDwAwggEKAoIBAQCuUkvxxnsPqCd3Dm9xdHVcLSpexWcSogw3rrw/kqTMTCNd4WPw5YQg+t9WzZLqr/MS8xwCgJ7XlKvgZg3b79CX9LPDV/LM9baZIaDNGSXcFJfcu01LJVziclau8w2bvKmgyRNt3xu4WT1ojoxRuXJglWD6v4aGiMZLEsc9/P8JtY+CMkwT/lLOo3rGBIBGN3eZh0eq8o4fJs3lc7C/NSdJyqreJ/H/f3Igno1UzZCm8u6BEmzQ+ROV7cITrq+qADjV7w37DhJi/jrj6fNb3H6G455FsIJ0cKLctgOg8q5x/XsRpJVxLlacbkLos65u12wZfY0Duf1XE6C3HWW6/jPJAgMBAAEwDQYJKoZIhvcNAQELBQADggEBAJXGfwsqrNX2JyXMvjVi2RA7gE0rFvJCuNd9MYbf2grLNEryQfcjGWvwcm+xfv4SDDm2xC172e2AuknOXQcpF7avqHisT6hd77UYb3zk7ETjcS18vvJeL7k4twVwUCELiHsCElDMYTXRfb6+3UDPIubJPSrzWD00jUEnGcirnHKlbiI9QknOYqHqXNdlva077GA6l8QLo4WJ90yIeUef7YDv9zxJGkJfV/6nj0XlNRb+xUOIJOFAwF5fTvTxwgd0hTyQ0ogOUY+pFZmgodJ/WD19OKDQybtNtzoAjAj3GGo3SZlrOu3hIcmGJ7TC7yLcrgQfVA5CYgIqGO3pYF6LSSk="
                ],
                "x5t_s256": "0Zqfzy7-0_n_CeD1Pugwa4aRhoNCagoGrc56Q2tXi04"
              }
            ],
            "label": "SAML APP1",
            "logo": null,
            "logo_url": "https://ok14static.oktacdn.com/assets/img/logos/default.6770228fb0dab49a1695ef440a5279bb.png",
            "metadata": "\u003c?xml version=\"1.0\" encoding=\"UTF-8\"?\u003e\u003cmd:EntityDescriptor entityID=\"http://www.okta.com/exkz1lcmzqM2dEv5o697\" xmlns:md=\"urn:oasis:names:tc:SAML:2.0:metadata\"\u003e\u003cmd:IDPSSODescriptor WantAuthnRequestsSigned=\"false\" protocolSupportEnumeration=\"urn:oasis:names:tc:SAML:2.0:protocol\"\u003e\u003cmd:KeyDescriptor use=\"signing\"\u003e\u003cds:KeyInfo xmlns:ds=\"http://www.w3.org/2000/09/xmldsig#\"\u003e\u003cds:X509Data\u003e\u003cds:X509Certificate\u003eMIID0DCCArigAwIBAgIGAZukNq/kMA0GCSqGSIb3DQEBCwUAMIGoMQswCQYDVQQGEwJVUzETMBEG\nA1UECAwKQ2FsaWZvcm5pYTEWMBQGA1UEBwwNU2FuIEZyYW5jaXNjbzENMAsGA1UECgwET2t0YTEU\nMBIGA1UECwwLU1NPUHJvdmlkZXIxKTAnBgNVBAMMIGRlbW8tcHJvZHVjdGlvbi1hdXRvbWF0aW9u\nLTIyNTE5MRwwGgYJKoZIhvcNAQkBFg1pbmZvQG9rdGEuY29tMB4XDTI2MDEwOTE5MjIyNloXDTM2\nMDEwOTE5MjMyNVowgagxCzAJBgNVBAYTAlVTMRMwEQYDVQQIDApDYWxpZm9ybmlhMRYwFAYDVQQH\nDA1TYW4gRnJhbmNpc2NvMQ0wCwYDVQQKDARPa3RhMRQwEgYDVQQLDAtTU09Qcm92aWRlcjEpMCcG\nA1UEAwwgZGVtby1wcm9kdWN0aW9uLWF1dG9tYXRpb24tMjI1MTkxHDAaBgkqhkiG9w0BCQEWDWlu\nZm9Ab2t0YS5jb20wggEiMA0GCSqGSIb3DQEBAQUAA4IBDwAwggEKAoIBAQCuUkvxxnsPqCd3Dm9x\ndHVcLSpexWcSogw3rrw/kqTMTCNd4WPw5YQg+t9WzZLqr/MS8xwCgJ7XlKvgZg3b79CX9LPDV/LM\n9baZIaDNGSXcFJfcu01LJVziclau8w2bvKmgyRNt3xu4WT1ojoxRuXJglWD6v4aGiMZLEsc9/P8J\ntY+CMkwT/lLOo3rGBIBGN3eZh0eq8o4fJs3lc7C/NSdJyqreJ/H/f3Igno1UzZCm8u6BEmzQ+ROV\n7cITrq+qADjV7w37DhJi/jrj6fNb3H6G455FsIJ0cKLctgOg8q5x/XsRpJVxLlacbkLos65u12wZ\nfY0Duf1XE6C3HWW6/jPJAgMBAAEwDQYJKoZIhvcNAQELBQADggEBAJXGfwsqrNX2JyXMvjVi2RA7\ngE0rFvJCuNd9MYbf2grLNEryQfcjGWvwcm+xfv4SDDm2xC172e2AuknOXQcpF7avqHisT6hd77UY\nb3zk7ETjcS18vvJeL7k4twVwUCELiHsCElDMYTXRfb6+3UDPIubJPSrzWD00jUEnGcirnHKlbiI9\nQknOYqHqXNdlva077GA6l8QLo4WJ90yIeUef7YDv9zxJGkJfV/6nj0XlNRb+xUOIJOFAwF5fTvTx\nwgd0hTyQ0ogOUY+pFZmgodJ/WD19OKDQybtNtzoAjAj3GGo3SZlrOu3hIcmGJ7TC7yLcrgQfVA5C\nYgIqGO3pYF6LSSk=\u003c/ds:X509Certificate\u003e\u003c/ds:X509Data\u003e\u003c/ds:KeyInfo\u003e\u003c/md:KeyDescriptor\u003e\u003cmd:NameIDFormat\u003eurn:oasis:names:tc:SAML:1.1:nameid-format:unspecified\u003c/md:NameIDFormat\u003e\u003cmd:NameIDFormat\u003eurn:oasis:names:tc:SAML:1.1:nameid-format:emailAddress\u003c/md:NameIDFormat\u003e\u003cmd:SingleSignOnService Binding=\"urn:oasis:names:tc:SAML:2.0:bindings:HTTP-POST\" Location=\"https://demo-production-automation-22519.okta.com/app/demo-production-automation-22519_samlapp1_1/exkz1lcmzqM2dEv5o697/sso/saml\"/\u003e\u003cmd:SingleSignOnService Binding=\"urn:oasis:names:tc:SAML:2.0:bindings:HTTP-Redirect\" Location=\"https://demo-production-automation-22519.okta.com/app/demo-production-automation-22519_samlapp1_1/exkz1lcmzqM2dEv5o697/sso/saml\"/\u003e\u003c/md:IDPSSODescriptor\u003e\u003c/md:EntityDescriptor\u003e",
            "metadata_url": "https://demo-production-automation-22519.okta.com/api/v1/apps/0oaz1lcmzrNxjHv6Y697/sso/saml/metadata",
            "name": "demo-production-automation-22519_samlapp1_1",
            "preconfigured_app": "demo-production-automation-22519_samlapp1_1",
            "recipient": "https://auth.workos.com/sso/saml/acs/2L6HIlXaS2xnQKsiIF2zBs4Af",
            "request_compressed": null,
            "response_signed": true,
            "saml_signed_request_enabled": false,
            "saml_version": "2.0",
            "sign_on_mode": "SAML_2_0",
            "signature_algorithm": "RSA_SHA256",
            "single_logout_certificate": null,
            "single_logout_issuer": null,
            "single_logout_url": null,
            "sp_issuer": null,
            "sso_url": "https://auth.workos.com/sso/saml/acs/2L6HIlXaS2xnQKsiIF2zBs4Af",
            "status": "ACTIVE",
            "subject_name_id_format": "urn:oasis:names:tc:SAML:1.1:nameid-format:unspecified",
            "subject_name_id_template": "${user.userName}",
            "timeouts": null,
            "user_name_template": "${source.login}",
            "user_name_template_push_status": "",
            "user_name_template_suffix": "",
            "user_name_template_type": "BUILT_IN"
          },
          "sensitive_attributes": [],
          "identity_schema_version": 0,
          "private": "eyJlMmJmYjczMC1lY2FhLTExZTYtOGY4OC0zNDM2M2JjN2M0YzAiOnsiY3JlYXRlIjozNjAwMDAwMDAwMDAwLCJyZWFkIjozNjAwMDAwMDAwMDAwLCJ1cGRhdGUiOjM2MDAwMDAwMDAwMDB9fQ=="
        }
      ]
    }
  ],
  "check_results": null
}
